
Microsoft Visual Studio Solution File, Format Version 12.00
# Visual Studio 15
VisualStudioVersion = 15.0.27428.2015
MinimumVisualStudioVersion = 10.0.40219.1
Project("{FAE04EC0-301F-11D3-BF4B-00C04F79EFBC}") = "CampusConnectASP", "CampusConnectASP\CampusConnectASP.csproj", "{9D2DB5BA-547E-4CCC-886F-01EE12CA240F}"
EndProject
Global
	GlobalSection(SolutionConfigurationPlatforms) = preSolution
		Debug|Any CPU = Debug|Any CPU
		Release|Any CPU = Release|Any CPU
	EndGlobalSection
	GlobalSection(ProjectConfigurationPlatforms) = postSolution
		{9D2DB5BA-547E-4CCC-886F-01EE12CA240F}.Debug|Any CPU.ActiveCfg = Debug|Any CPU
		{9D2DB5BA-547E-4CCC-886F-01EE12CA240F}.Debug|Any CPU.Build.0 = Debug|Any CPU
		{9D2DB5BA-547E-4CCC-886F-01EE12CA240F}.Release|Any CPU.ActiveCfg = Release|Any CPU
		{9D2DB5BA-547E-4CCC-886F-01EE12CA240F}.Release|Any CPU.Build.0 = Release|Any CPU
	EndGlobalSection
	GlobalSection(SolutionProperties) = preSolution
		HideSolutionNode = FALSE
	EndGlobalSection
	GlobalSection(ExtensibilityGlobals) = postSolution
		SolutionGuid = {C2AA003D-8D1B-4715-BD2F-9ED5149DCA19}
	EndGlobalSection
EndGlobal
